<Project ToolsVersion="4.0" xmlns="http://schemas.microsoft.com/developer/msbuild/2003">
  <ItemGroup>
    <Filter Include="Source Files">
      <UniqueIdentifier>{4FC737F1-C7A5-4376-A066-2A32D752A2FF}</UniqueIdentifier>
      <Extensions>cpp;c;cc;cxx;def;odl;idl;hpj;bat;asm;asmx</Extensions>
    </Filter>
    <Filter Include="Header Files">
      <UniqueIdentifier>{93995380-89BD-4b04-88EB-625FBE52EBFB}</UniqueIdentifier>
      <Extensions>h;hpp;hxx;hm;inl;inc;xsd</Extensions>
    </Filter>
    <Filter Include="Resource Files">
      <UniqueIdentifier>{67DA6AB6-F800-4c08-8B7A-83BB121AAD01}</UniqueIdentifier>
      <Extensions>rc;ico;cur;bmp;dlg;rc2;rct;bin;rgs;gif;jpg;jpeg;jpe;resx;tiff;tif;png;wav</Extensions>
    </Filter>
    <Filter Include="Blocks">
      <UniqueIdentifier>{9B35FB3F-2C63-4392-9A9D-E631416E9100}</UniqueIdentifier>
    </Filter>
    <Filter Include="Blocks\vnm">
      <UniqueIdentifier>{D22F2536-16B9-49EC-A9A1-8FC9B53431F6}</UniqueIdentifier>
    </Filter>
    <Filter Include="Blocks\vnm\src">
      <UniqueIdentifier>{B4D77F4F-CCC3-467F-901A-6991ADFD8BF9}</UniqueIdentifier>
    </Filter>
    <Filter Include="Blocks\vnm\include">
      <UniqueIdentifier>{1B96BCC4-7FDF-42DB-9E1D-ACD73AB22DF6}</UniqueIdentifier>
    </Filter>
  </ItemGroup>
  <ItemGroup>
    <ClCompile Include="..\src\ShaderToyApp.cpp">
      <Filter>Source Files</Filter>
    </ClCompile>
    <ClInclude Include="..\include\Resources.h">
      <Filter>Header Files</Filter>
    </ClInclude>
    <ClInclude Include="..\include\item.def">
      <Filter>Header Files</Filter>
    </ClInclude>
    <ClCompile Include="..\src\ShaderToyApp.cpp">
      <Filter>Source Files</Filter>
    </ClCompile>
    <ClCompile Include="..\..\Cinder\blocks\Cinder-VNM\src\AssetManager.cpp">
      <Filter>Blocks\vnm\src</Filter>
    </ClCompile>
    <ClCompile Include="..\..\Cinder\blocks\Cinder-VNM\src\MiniConfig.cpp">
      <Filter>Blocks\vnm\src</Filter>
    </ClCompile>
    <ClInclude Include="..\..\Cinder\blocks\Cinder-VNM\include\AnsiToUtf.h">
      <Filter>Blocks\vnm\include</Filter>
    </ClInclude>
    <ClInclude Include="..\..\Cinder\blocks\Cinder-VNM\include\AssetManager.h">
      <Filter>Blocks\vnm\include</Filter>
    </ClInclude>
    <ClInclude Include="..\..\Cinder\blocks\Cinder-VNM\include\CaptureHelper.h">
      <Filter>Blocks\vnm\include</Filter>
    </ClInclude>
    <ClInclude Include="..\..\Cinder\blocks\Cinder-VNM\include\FontHelper.h">
      <Filter>Blocks\vnm\include</Filter>
    </ClInclude>
    <ClInclude Include="..\..\Cinder\blocks\Cinder-VNM\include\GlslParamsBuilder.h">
      <Filter>Blocks\vnm\include</Filter>
    </ClInclude>
    <ClInclude Include="..\..\Cinder\blocks\Cinder-VNM\include\GlslParamsBuilderImgui.h">
      <Filter>Blocks\vnm\include</Filter>
    </ClInclude>
    <ClInclude Include="..\..\Cinder\blocks\Cinder-VNM\include\MiniConfig.h">
      <Filter>Blocks\vnm\include</Filter>
    </ClInclude>
    <ClInclude Include="..\..\Cinder\blocks\Cinder-VNM\include\MiniConfigImgui.h">
      <Filter>Blocks\vnm\include</Filter>
    </ClInclude>
    <ClInclude Include="..\..\Cinder\blocks\Cinder-VNM\include\MotionHelper.h">
      <Filter>Blocks\vnm\include</Filter>
    </ClInclude>
    <ClInclude Include="..\..\Cinder\blocks\Cinder-VNM\include\NvOptimusEnablement.h">
      <Filter>Blocks\vnm\include</Filter>
    </ClInclude>
    <ClInclude Include="..\..\Cinder\blocks\Cinder-VNM\include\OscHelper.h">
      <Filter>Blocks\vnm\include</Filter>
    </ClInclude>
    <ClInclude Include="..\..\Cinder\blocks\Cinder-VNM\include\StateMachine.h">
      <Filter>Blocks\vnm\include</Filter>
    </ClInclude>
    <ClInclude Include="..\..\Cinder\blocks\Cinder-VNM\include\TextureHelper.h">
      <Filter>Blocks\vnm\include</Filter>
    </ClInclude>
    <ClInclude Include="..\..\Cinder\blocks\Cinder-VNM\include\TuioHelper.h">
      <Filter>Blocks\vnm\include</Filter>
    </ClInclude>
  </ItemGroup>
  <ItemGroup>
    <ClInclude Include="..\include\Resources.h">
      <Filter>Header Files</Filter>
    </ClInclude>
  </ItemGroup>
  <ItemGroup>
    <ResourceCompile Include="Resources.rc">
      <Filter>Resource Files</Filter>
    </ResourceCompile>
  </ItemGroup>
</Project>
